
Microsoft Visual Studio Solution File, Format Version 12.00
Project("{FAE04EC0-301F-11D3-BF4B-00C04F79EFBC}") = "API", "API\API.csproj", "{53D21B42-F023-44C4-A04C-04017B54F77F}"
EndProject
Project("{2150E333-8FDC-42A3-9474-1A3956D46DE8}") = "Solution Items", "Solution Items", "{2CE74042-6BDA-4D95-AC1E-DC62E10FA6BE}"
	ProjectSection(SolutionItems) = preProject
		docker-compose.yml = docker-compose.yml
	EndProjectSection
EndProject
Project("{FAE04EC0-301F-11D3-BF4B-00C04F79EFBC}") = "Application", "Application\Application.csproj", "{6A4B4252-AD7C-4D2D-996B-D39400062098}"
EndProject
Project("{FAE04EC0-301F-11D3-BF4B-00C04F79EFBC}") = "Domain", "Domain\Domain.csproj", "{99A0D798-332E-44FF-A475-DA40F67A3FA5}"
EndProject
Project("{FAE04EC0-301F-11D3-BF4B-00C04F79EFBC}") = "Infrastructure", "Infrastructure\Infrastructure.csproj", "{0689EC39-97FE-45CD-8A81-F7994BF113BD}"
EndProject
Project("{FAE04EC0-301F-11D3-BF4B-00C04F79EFBC}") = "Common", "Common\Common.csproj", "{F132FDE9-84E1-42C3-913D-2139DDEE9C9F}"
EndProject
Global
	GlobalSection(SolutionConfigurationPlatforms) = preSolution
		Debug|Any CPU = Debug|Any CPU
		Release|Any CPU = Release|Any CPU
	EndGlobalSection
	GlobalSection(ProjectConfigurationPlatforms) = postSolution
		{53D21B42-F023-44C4-A04C-04017B54F77F}.Debug|Any CPU.ActiveCfg = Debug|Any CPU
		{53D21B42-F023-44C4-A04C-04017B54F77F}.Debug|Any CPU.Build.0 = Debug|Any CPU
		{53D21B42-F023-44C4-A04C-04017B54F77F}.Release|Any CPU.ActiveCfg = Release|Any CPU
		{53D21B42-F023-44C4-A04C-04017B54F77F}.Release|Any CPU.Build.0 = Release|Any CPU
		{6A4B4252-AD7C-4D2D-996B-D39400062098}.Debug|Any CPU.ActiveCfg = Debug|Any CPU
		{6A4B4252-AD7C-4D2D-996B-D39400062098}.Debug|Any CPU.Build.0 = Debug|Any CPU
		{6A4B4252-AD7C-4D2D-996B-D39400062098}.Release|Any CPU.ActiveCfg = Release|Any CPU
		{6A4B4252-AD7C-4D2D-996B-D39400062098}.Release|Any CPU.Build.0 = Release|Any CPU
		{99A0D798-332E-44FF-A475-DA40F67A3FA5}.Debug|Any CPU.ActiveCfg = Debug|Any CPU
		{99A0D798-332E-44FF-A475-DA40F67A3FA5}.Debug|Any CPU.Build.0 = Debug|Any CPU
		{99A0D798-332E-44FF-A475-DA40F67A3FA5}.Release|Any CPU.ActiveCfg = Release|Any CPU
		{99A0D798-332E-44FF-A475-DA40F67A3FA5}.Release|Any CPU.Build.0 = Release|Any CPU
		{0689EC39-97FE-45CD-8A81-F7994BF113BD}.Debug|Any CPU.ActiveCfg = Debug|Any CPU
		{0689EC39-97FE-45CD-8A81-F7994BF113BD}.Debug|Any CPU.Build.0 = Debug|Any CPU
		{0689EC39-97FE-45CD-8A81-F7994BF113BD}.Release|Any CPU.ActiveCfg = Release|Any CPU
		{0689EC39-97FE-45CD-8A81-F7994BF113BD}.Release|Any CPU.Build.0 = Release|Any CPU
		{F132FDE9-84E1-42C3-913D-2139DDEE9C9F}.Debug|Any CPU.ActiveCfg = Debug|Any CPU
		{F132FDE9-84E1-42C3-913D-2139DDEE9C9F}.Debug|Any CPU.Build.0 = Debug|Any CPU
		{F132FDE9-84E1-42C3-913D-2139DDEE9C9F}.Release|Any CPU.ActiveCfg = Release|Any CPU
		{F132FDE9-84E1-42C3-913D-2139DDEE9C9F}.Release|Any CPU.Build.0 = Release|Any CPU
	EndGlobalSection
EndGlobal
